// !$*UTF8*$!
{
	archiveVersion = 1;
	classes = {
	};
	objectVersion = 56;
	objects = {

/* Begin PBXBuildFile section */
		FC04C6562BECF9DC0035E0B9 /* Model.xcdatamodeld in Sources */ = {isa = PBXBuildFile; fileRef = FC04C6542BECF9DC0035E0B9 /* Model.xcdatamodeld */; };
		FC803C2F2BE1AD9400D0B233 /* Reminder.swift in Sources */ = {isa = PBXBuildFile; fileRef = FC803C2E2BE1AD9400D0B233 /* Reminder.swift */; };
		FCFDDE6B2BDC0502006674F2 /* AppointmentsApp.swift in Sources */ = {isa = PBXBuildFile; fileRef = FCFDDE6A2BDC0502006674F2 /* AppointmentsApp.swift */; };
		FCFDDE6F2BDC0504006674F2 /* Assets.xcassets in Resources */ = {isa = PBXBuildFile; fileRef = FCFDDE6E2BDC0504006674F2 /* Assets.xcassets */; };
		FCFDDE722BDC0504006674F2 /* Preview Assets.xcassets in Resources */ = {isa = PBXBuildFile; fileRef = FCFDDE712BDC0504006674F2 /* Preview Assets.xcassets */; };
		FCFDDE7C2BDC0651006674F2 /* AppointmentView.swift in Sources */ = {isa = PBXBuildFile; fileRef = FCFDDE7B2BDC0651006674F2 /* AppointmentView.swift */; };
		FCFDDE7E2BDC06B5006674F2 /* AddAppointmentView.swift in Sources */ = {isa = PBXBuildFile; fileRef = FCFDDE7D2BDC06B5006674F2 /* AddAppointmentView.swift */; };
		FCFDDE802BDC074A006674F2 /* CalendarView.swift in Sources */ = {isa = PBXBuildFile; fileRef = FCFDDE7F2BDC074A006674F2 /* CalendarView.swift */; };
		FCFDDE892BDC25CF006674F2 /* PersistenceController.swift in Sources */ = {isa = PBXBuildFile; fileRef = FCFDDE882BDC25CF006674F2 /* PersistenceController.swift */; };
		FCFDDE8B2BDC2CF3006674F2 /* EditAppointmentView.swift in Sources */ = {isa = PBXBuildFile; fileRef = FCFDDE8A2BDC2CF3006674F2 /* EditAppointmentView.swift */; };
/* End PBXBuildFile section */

/* Begin PBXFileReference section */
		FC04C6552BECF9DC0035E0B9 /* Model.xcdatamodel */ = {isa = PBXFileReference; lastKnownFileType = wrapper.xcdatamodel; path = Model.xcdatamodel; sourceTree = "<group>"; };
		FC803C2E2BE1AD9400D0B233 /* Reminder.swift */ = {isa = PBXFileReference; lastKnownFileType = sourcecode.swift; path = Reminder.swift; sourceTree = "<group>"; };
		FCFDDE672BDC0502006674F2 /* Appointments.app */ = {isa = PBXFileReference; explicitFileType = wrapper.application; includeInIndex = 0; path = Appointments.app; sourceTree = BUILT_PRODUCTS_DIR; };
		FCFDDE6A2BDC0502006674F2 /* AppointmentsApp.swift */ = {isa = PBXFileReference; lastKnownFileType = sourcecode.swift; path = AppointmentsApp.swift; sourceTree = "<group>"; };
		FCFDDE6E2BDC0504006674F2 /* Assets.xcassets */ = {isa = PBXFileReference; lastKnownFileType = folder.assetcatalog; path = Assets.xcassets; sourceTree = "<group>"; };
		FCFDDE712BDC0504006674F2 /* Preview Assets.xcassets */ = {isa = PBXFileReference; lastKnownFileType = folder.assetcatalog; path = "Preview Assets.xcassets"; sourceTree = "<group>"; };
		FCFDDE7B2BDC0651006674F2 /* AppointmentView.swift */ = {isa = PBXFileReference; lastKnownFileType = sourcecode.swift; path = AppointmentView.swift; sourceTree = "<group>"; };
		FCFDDE7D2BDC06B5006674F2 /* AddAppointmentView.swift */ = {isa = PBXFileReference; lastKnownFileType = sourcecode.swift; path = AddAppointmentView.swift; sourceTree = "<group>"; };
		FCFDDE7F2BDC074A006674F2 /* CalendarView.swift */ = {isa = PBXFileReference; lastKnownFileType = sourcecode.swift; path = CalendarView.swift; sourceTree = "<group>"; };
		FCFDDE882BDC25CF006674F2 /* PersistenceController.swift */ = {isa = PBXFileReference; lastKnownFileType = sourcecode.swift; path = PersistenceController.swift; sourceTree = "<group>"; };
		FCFDDE8A2BDC2CF3006674F2 /* EditAppointmentView.swift */ = {isa = PBXFileReference; lastKnownFileType = sourcecode.swift; path = EditAppointmentView.swift; sourceTree = "<group>"; };
/* End PBXFileReference section */

/* Begin PBXFrameworksBuildPhase section */
		FCFDDE642BDC0502006674F2 /* Frameworks */ = {
			isa = PBXFrameworksBuildPhase;
			buildActionMask = 2147483647;
			files = (
			);
			runOnlyForDeploymentPostprocessing = 0;
		};
/* End PBXFrameworksBuildPhase section */

/* Begin PBXGroup section */
		FCFDDE5E2BDC0502006674F2 = {
			isa = PBXGroup;
			children = (
				FCFDDE692BDC0502006674F2 /* Appointments */,
				FCFDDE682BDC0502006674F2 /* Products */,
			);
			sourceTree = "<group>";
		};
		FCFDDE682BDC0502006674F2 /* Products */ = {
			isa = PBXGroup;
			children = (
				FCFDDE672BDC0502006674F2 /* Appointments.app */,
			);
			name = Products;
			sourceTree = "<group>";
		};
		FCFDDE692BDC0502006674F2 /* Appointments */ = {
			isa = PBXGroup;
			children = (
				FCFDDE6A2BDC0502006674F2 /* AppointmentsApp.swift */,
				FCFDDE882BDC25CF006674F2 /* PersistenceController.swift */,
				FCFDDE7B2BDC0651006674F2 /* AppointmentView.swift */,
				FCFDDE7F2BDC074A006674F2 /* CalendarView.swift */,
				FCFDDE8A2BDC2CF3006674F2 /* EditAppointmentView.swift */,
				FCFDDE7D2BDC06B5006674F2 /* AddAppointmentView.swift */,
				FC803C2E2BE1AD9400D0B233 /* Reminder.swift */,
				FC04C6542BECF9DC0035E0B9 /* Model.xcdatamodeld */,
				FCFDDE6E2BDC0504006674F2 /* Assets.xcassets */,
				FCFDDE702BDC0504006674F2 /* Preview Content */,
			);
			path = Appointments;
			sourceTree = "<group>";
		};
		FCFDDE702BDC0504006674F2 /* Preview Content */ = {
			isa = PBXGroup;
			children = (
				FCFDDE712BDC0504006674F2 /* Preview Assets.xcassets */,
			);
			path = "Preview Content";
			sourceTree = "<group>";
		};
/* End PBXGroup section */

/* Begin PBXNativeTarget section */
		FCFDDE662BDC0502006674F2 /* Appointments */ = {
			isa = PBXNativeTarget;
			buildConfigurationList = FCFDDE752BDC0504006674F2 /* Build configuration list for PBXNativeTarget "Appointments" */;
			buildPhases = (
				FCFDDE632BDC0502006674F2 /* Sources */,
				FCFDDE642BDC0502006674F2 /* Frameworks */,
				FCFDDE652BDC0502006674F2 /* Resources */,
			);
			buildRules = (
			);
			dependencies = (
			);
			name = Appointments;
			productName = Appointments;
			productReference = FCFDDE672BDC0502006674F2 /* Appointments.app */;
			productType = "com.apple.product-type.application";
		};
/* End PBXNativeTarget section */

/* Begin PBXProject section */
		FCFDDE5F2BDC0502006674F2 /* Project object */ = {
			isa = PBXProject;
			attributes = {
				BuildIndependentTargetsInParallel = 1;
				LastSwiftUpdateCheck = 1530;
				LastUpgradeCheck = 1530;
				TargetAttributes = {
					FCFDDE662BDC0502006674F2 = {
						CreatedOnToolsVersion = 15.3;
					};
				};
			};
			buildConfigurationList = FCFDDE622BDC0502006674F2 /* Build configuration list for PBXProject "Appointments" */;
			compatibilityVersion = "Xcode 14.0";
			developmentRegion = en;
			hasScannedForEncodings = 0;
			knownRegions = (
				en,
				Base,
			);
			mainGroup = FCFDDE5E2BDC0502006674F2;
			productRefGroup = FCFDDE682BDC0502006674F2 /* Products */;
			projectDirPath = "";
			projectRoot = "";
			targets = (
				FCFDDE662BDC0502006674F2 /* Appointments */,
			);
		};
/* End PBXProject section */

/* Begin PBXResourcesBuildPhase section */
		FCFDDE652BDC0502006674F2 /* Resources */ = {
			isa = PBXResourcesBuildPhase;
			buildActionMask = 2147483647;
			files = (
				FCFDDE722BDC0504006674F2 /* Preview Assets.xcassets in Resources */,
				FCFDDE6F2BDC0504006674F2 /* Assets.xcassets in Resources */,
			);
			runOnlyForDeploymentPostprocessing = 0;
		};
/* End PBXResourcesBuildPhase section */

/* Begin PBXSourcesBuildPhase section */
		FCFDDE632BDC0502006674F2 /* Sources */ = {
			isa = PBXSourcesBuildPhase;
			buildActionMask = 2147483647;
			files = (
				FCFDDE892BDC25CF006674F2 /* PersistenceController.swift in Sources */,
				FCFDDE7E2BDC06B5006674F2 /* AddAppointmentView.swift in Sources */,
				FCFDDE802BDC074A006674F2 /* CalendarView.swift in Sources */,
				FCFDDE8B2BDC2CF3006674F2 /* EditAppointmentView.swift in Sources */,
				FC04C6562BECF9DC0035E0B9 /* Model.xcdatamodeld in Sources */,
				FCFDDE7C2BDC0651006674F2 /* AppointmentView.swift in Sources */,
				FCFDDE6B2BDC0502006674F2 /* AppointmentsApp.swift in Sources */,
				FC803C2F2BE1AD9400D0B233 /* Reminder.swift in Sources */,
			);
			runOnlyForDeploymentPostprocessing = 0;
		};
/* End PBXSourcesBuildPhase section */

/* Begin XCBuildConfiguration section */
		FCFDDE732BDC0504006674F2 /* Debug */ = {
			isa = XCBuildConfiguration;
			buildSettings = {
				ALWAYS_SEARCH_USER_PATHS = NO;
				ASSETCATALOG_COMPILER_GENERATE_SWIFT_ASSET_SYMBOL_EXTENSIONS = YES;
				CLANG_ANALYZER_NONNULL = YES;
				CLANG_ANALYZER_NUMBER_OBJECT_CONVERSION = YES_AGGRESSIVE;
				CLANG_CXX_LANGUAGE_STANDARD = "gnu++20";
				CLANG_ENABLE_MODULES = YES;
				CLANG_ENABLE_OBJC_ARC = YES;
				CLANG_ENABLE_OBJC_WEAK = YES;
				CLANG_WARN_BLOCK_CAPTURE_AUTORELEASING = YES;
				CLANG_WARN_BOOL_CONVERSION = YES;
				CLANG_WARN_COMMA = YES;
				CLANG_WARN_CONSTANT_CONVERSION = YES;
				CLANG_WARN_DEPRECATED_OBJC_IMPLEMENTATIONS = YES;
				CLANG_WARN_DIRECT_OBJC_ISA_USAGE = YES_ERROR;
				CLANG_WARN_DOCUMENTATION_COMMENTS = YES;
				CLANG_WARN_EMPTY_BODY = YES;
				CLANG_WARN_ENUM_CONVERSION = YES;
				CLANG_WARN_INFINITE_RECURSION = YES;
				CLANG_WARN_INT_CONVERSION = YES;
				CLANG_WARN_NON_LITERAL_NULL_CONVERSION = YES;
				CLANG_WARN_OBJC_IMPLICIT_RETAIN_SELF = YES;
				CLANG_WARN_OBJC_LITERAL_CONVERSION = YES;
				CLANG_WARN_OBJC_ROOT_CLASS = YES_ERROR;
				CLANG_WARN_QUOTED_INCLUDE_IN_FRAMEWORK_HEADER = YES;
				CLANG_WARN_RANGE_LOOP_ANALYSIS = YES;
				CLANG_WARN_STRICT_PROTOTYPES = YES;
				CLANG_WARN_SUSPICIOUS_MOVE = YES;
				CLANG_WARN_UNGUARDED_AVAILABILITY = YES_AGGRESSIVE;
				CLANG_WARN_UNREACHABLE_CODE = YES;
				CLANG_WARN__DUPLICATE_METHOD_MATCH = YES;
				COPY_PHASE_STRIP = NO;
				DEBUG_INFORMATION_FORMAT = dwarf;
				ENABLE_STRICT_OBJC_MSGSEND = YES;
				ENABLE_TESTABILITY = YES;
				ENABLE_USER_SCRIPT_SANDBOXING = YES;
				GCC_C_LANGUAGE_STANDARD = gnu17;
				GCC_DYNAMIC_NO_PIC = NO;
				GCC_NO_COMMON_BLOCKS = YES;
				GCC_OPTIMIZATION_LEVEL = 0;
				GCC_PREPROCESSOR_DEFINITIONS = (
					"DEBUG=1",
					"$(inherited)",
				);
				GCC_WARN_64_TO_32_BIT_CONVERSION = YES;
				GCC_WARN_ABOUT_RETURN_TYPE = YES_ERROR;
				GCC_WARN_UNDECLARED_SELECTOR = YES;
				GCC_WARN_UNINITIALIZED_AUTOS = YES_AGGRESSIVE;
				GCC_WARN_UNUSED_FUNCTION = YES;
				GCC_WARN_UNUSED_VARIABLE = YES;
				IPHONEOS_DEPLOYMENT_TARGET = 16.0;
				LOCALIZATION_PREFERS_STRING_CATALOGS = YES;
				MTL_ENABLE_DEBUG_INFO = INCLUDE_SOURCE;
				MTL_FAST_MATH = YES;
				ONLY_ACTIVE_ARCH = YES;
				SDKROOT = iphoneos;
				SWIFT_ACTIVE_COMPILATION_CONDITIONS = "DEBUG $(inherited)";
				SWIFT_OPTIMIZATION_LEVEL = "-Onone";
			};
			name = Debug;
		};
		FCFDDE742BDC0504006674F2 /* Release */ = {
			isa = XCBuildConfiguration;
			buildSettings = {
				ALWAYS_SEARCH_USER_PATHS = NO;
				ASSETCATALOG_COMPILER_GENERATE_SWIFT_ASSET_SYMBOL_EXTENSIONS = YES;
				CLANG_ANALYZER_NONNULL = YES;
				CLANG_ANALYZER_NUMBER_OBJECT_CONVERSION = YES_AGGRESSIVE;
				CLANG_CXX_LANGUAGE_STANDARD = "gnu++20";
				CLANG_ENABLE_MODULES = YES;
				CLANG_ENABLE_OBJC_ARC = YES;
				CLANG_ENABLE_OBJC_WEAK = YES;
				CLANG_WARN_BLOCK_CAPTURE_AUTORELEASING = YES;
				CLANG_WARN_BOOL_CONVERSION = YES;
				CLANG_WARN_COMMA = YES;
				CLANG_WARN_CONSTANT_CONVERSION = YES;
				CLANG_WARN_DEPRECATED_OBJC_IMPLEMENTATIONS = YES;
				CLANG_WARN_DIRECT_OBJC_ISA_USAGE = YES_ERROR;
				CLANG_WARN_DOCUMENTATION_COMMENTS = YES;
				CLANG_WARN_EMPTY_BODY = YES;
				CLANG_WARN_ENUM_CONVERSION = YES;
				CLANG_WARN_INFINITE_RECURSION = YES;
				CLANG_WARN_INT_CONVERSION = YES;
				CLANG_WARN_NON_LITERAL_NULL_CONVERSION = YES;
				CLANG_WARN_OBJC_IMPLICIT_RETAIN_SELF = YES;
				CLANG_WARN_OBJC_LITERAL_CONVERSION = YES;
				CLANG_WARN_OBJC_ROOT_CLASS = YES_ERROR;
				CLANG_WARN_QUOTED_INCLUDE_IN_FRAMEWORK_HEADER = YES;
				CLANG_WARN_RANGE_LOOP_ANALYSIS = YES;
				CLANG_WARN_STRICT_PROTOTYPES = YES;
				CLANG_WARN_SUSPICIOUS_MOVE = YES;
				CLANG_WARN_UNGUARDED_AVAILABILITY = YES_AGGRESSIVE;
				CLANG_WARN_UNREACHABLE_CODE = YES;
				CLANG_WARN__DUPLICATE_METHOD_MATCH = YES;
				COPY_PHASE_STRIP = NO;
				DEBUG_INFORMATION_FORMAT = "dwarf-with-dsym";
				ENABLE_NS_ASSERTIONS = NO;
				ENABLE_STRICT_OBJC_MSGSEND = YES;
				ENABLE_USER_SCRIPT_SANDBOXING = YES;
				GCC_C_LANGUAGE_STANDARD = gnu17;
				GCC_NO_COMMON_BLOCKS = YES;
				GCC_WARN_64_TO_32_BIT_CONVERSION = YES;
				GCC_WARN_ABOUT_RETURN_TYPE = YES_ERROR;
				GCC_WARN_UNDECLARED_SELECTOR = YES;
				GCC_WARN_UNINITIALIZED_AUTOS = YES_AGGRESSIVE;
				GCC_WARN_UNUSED_FUNCTION = YES;
				GCC_WARN_UNUSED_VARIABLE = YES;
				IPHONEOS_DEPLOYMENT_TARGET = 16.0;
				LOCALIZATION_PREFERS_STRING_CATALOGS = YES;
				MTL_ENABLE_DEBUG_INFO = NO;
				MTL_FAST_MATH = YES;
				SDKROOT = iphoneos;
				SWIFT_COMPILATION_MODE = wholemodule;
				VALIDATE_PRODUCT = YES;
			};
			name = Release;
		};
		FCFDDE762BDC0504006674F2 /* Debug */ = {
			isa = XCBuildConfiguration;
			buildSettings = {
				ASSETCATALOG_COMPILER_APPICON_NAME = AppIcon;
				ASSETCATALOG_COMPILER_GLOBAL_ACCENT_COLOR_NAME = AccentColor;
				CODE_SIGN_STYLE = Automatic;
				CURRENT_PROJECT_VERSION = 1;
				DEVELOPMENT_ASSET_PATHS = "\"Appointments/Preview Content\"";
				DEVELOPMENT_TEAM = SAZ5K2949S;
				ENABLE_PREVIEWS = YES;
				GENERATE_INFOPLIST_FILE = YES;
				INFOPLIST_KEY_UIApplicationSceneManifest_Generation = YES;
				INFOPLIST_KEY_UIApplicationSupportsIndirectInputEvents = YES;
				INFOPLIST_KEY_UILaunchScreen_Generation = YES;
				INFOPLIST_KEY_UISupportedInterfaceOrientations_iPad = "UIInterfaceOrientationPortrait UIInterfaceOrientationPortraitUpsideDown UIInterfaceOrientationLandscapeLeft UIInterfaceOrientationLandscapeRight";
				INFOPLIST_KEY_UISupportedInterfaceOrientations_iPhone = "UIInterfaceOrientationPortrait UIInterfaceOrientationLandscapeLeft UIInterfaceOrientationLandscapeRight";
				IPHONEOS_DEPLOYMENT_TARGET = 16.0;
				LD_RUNPATH_SEARCH_PATHS = (
					"$(inherited)",
					"@executable_path/Frameworks",
				);
				MARKETING_VERSION = 1.0;
				PRODUCT_BUNDLE_IDENTIFIER = com.ladtechnologies.Appointments;
				PRODUCT_NAME = "$(TARGET_NAME)";
				SWIFT_EMIT_LOC_STRINGS = YES;
				SWIFT_VERSION = 5.0;
				TARGETED_DEVICE_FAMILY = "1,2";
			};
			name = Debug;
		};
		FCFDDE772BDC0504006674F2 /* Release */ = {
			isa = XCBuildConfiguration;
			buildSettings = {
				ASSETCATALOG_COMPILER_APPICON_NAME = AppIcon;
				ASSETCATALOG_COMPILER_GLOBAL_ACCENT_COLOR_NAME = AccentColor;
				CODE_SIGN_STYLE = Automatic;
				CURRENT_PROJECT_VERSION = 1;
				DEVELOPMENT_ASSET_PATHS = "\"Appointments/Preview Content\"";
				DEVELOPMENT_TEAM = SAZ5K2949S;
				ENABLE_PREVIEWS = YES;
				GENERATE_INFOPLIST_FILE = YES;
				INFOPLIST_KEY_UIApplicationSceneManifest_Generation = YES;
				INFOPLIST_KEY_UIApplicationSupportsIndirectInputEvents = YES;
				INFOPLIST_KEY_UILaunchScreen_Generation = YES;
				INFOPLIST_KEY_UISupportedInterfaceOrientations_iPad = "UIInterfaceOrientationPortrait UIInterfaceOrientationPortraitUpsideDown UIInterfaceOrientationLandscapeLeft UIInterfaceOrientationLandscapeRight";
				INFOPLIST_KEY_UISupportedInterfaceOrientations_iPhone = "UIInterfaceOrientationPortrait UIInterfaceOrientationLandscapeLeft UIInterfaceOrientationLandscapeRight";
				IPHONEOS_DEPLOYMENT_TARGET = 16.0;
				LD_RUNPATH_SEARCH_PATHS = (
					"$(inherited)",
					"@executable_path/Frameworks",
				);
				MARKETING_VERSION = 1.0;
				PRODUCT_BUNDLE_IDENTIFIER = com.ladtechnologies.Appointments;
				PRODUCT_NAME = "$(TARGET_NAME)";
				SWIFT_EMIT_LOC_STRINGS = YES;
				SWIFT_VERSION = 5.0;
				TARGETED_DEVICE_FAMILY = "1,2";
			};
			name = Release;
		};
/* End XCBuildConfiguration section */

/* Begin XCConfigurationList section */
		FCFDDE622BDC0502006674F2 /* Build configuration list for PBXProject "Appointments" */ = {
			isa = XCConfigurationList;
			buildConfigurations = (
				FCFDDE732BDC0504006674F2 /* Debug */,
				FCFDDE742BDC0504006674F2 /* Release */,
			);
			defaultConfigurationIsVisible = 0;
			defaultConfigurationName = Release;
		};
		FCFDDE752BDC0504006674F2 /* Build configuration list for PBXNativeTarget "Appointments" */ = {
			isa = XCConfigurationList;
			buildConfigurations = (
				FCFDDE762BDC0504006674F2 /* Debug */,
				FCFDDE772BDC0504006674F2 /* Release */,
			);
			defaultConfigurationIsVisible = 0;
			defaultConfigurationName = Release;
		};
/* End XCConfigurationList section */

/* Begin XCVersionGroup section */
		FC04C6542BECF9DC0035E0B9 /* Model.xcdatamodeld */ = {
			isa = XCVersionGroup;
			children = (
				FC04C6552BECF9DC0035E0B9 /* Model.xcdatamodel */,
			);
			currentVersion = FC04C6552BECF9DC0035E0B9 /* Model.xcdatamodel */;
			path = Model.xcdatamodeld;
			sourceTree = "<group>";
			versionGroupType = wrapper.xcdatamodel;
		};
/* End XCVersionGroup section */
	};
	rootObject = FCFDDE5F2BDC0502006674F2 /* Project object */;
}
